
Microsoft Visual Studio Solution File, Format Version 12.00
# Visual Studio Version 16
VisualStudioVersion = 16.0.28917.181
MinimumVisualStudioVersion = 10.0.40219.1
Project("{9A19103F-16F7-4668-BE54-9A1E7A4F7556}") = "MultiProcessorExtensions", "MultiProcessorExtensions\MultiProcessorExtensions.csproj", "{2CE31C53-79B2-4C3D-80A0-256C524EB61C}"
EndProject
Project("{9A19103F-16F7-4668-BE54-9A1E7A4F7556}") = "MPETests_Core21", "MPETests_Core21\MPETests_Core21.csproj", "{196B8FD6-C260-419B-900C-ED2786C52099}"
EndProject
Project("{9A19103F-16F7-4668-BE54-9A1E7A4F7556}") = "MPETests_Core30", "MPETests_Core30\MPETests_Core30.csproj", "{8E0C29F3-557E-4379-9743-FC8996817043}"
EndProject
Project("{9A19103F-16F7-4668-BE54-9A1E7A4F7556}") = "MPETests_Core22", "MPETests_Core22\MPETests_Core22.csproj", "{B1DA40DC-EB87-430F-A1DA-D93A34224E77}"
EndProject
Project("{2150E333-8FDC-42A3-9474-1A3956D46DE8}") = "Tests", "Tests", "{44AF3A6A-67EB-41F8-B6E5-1DD7EFC2A762}"
EndProject
Project("{2150E333-8FDC-42A3-9474-1A3956D46DE8}") = "Source", "Source", "{A43B5BC4-A03D-4BD8-92A0-CDA3A9143875}"
	ProjectSection(SolutionItems) = preProject
		MPETests\CacheTests.cs = MPETests\CacheTests.cs
		MPETests\GroupTests.cs = MPETests\GroupTests.cs
		MPETests\NumaNodeTests.cs = MPETests\NumaNodeTests.cs
		MPETests\ProcessorCoreTests.cs = MPETests\ProcessorCoreTests.cs
		MPETests\ProcessorPackageTests.cs = MPETests\ProcessorPackageTests.cs
		MPETests\ThreadExtensionTests.cs = MPETests\ThreadExtensionTests.cs
	EndProjectSection
EndProject
Global
	GlobalSection(SolutionConfigurationPlatforms) = preSolution
		Debug|Any CPU = Debug|Any CPU
		Debug|x64 = Debug|x64
		Debug|x86 = Debug|x86
		Release|Any CPU = Release|Any CPU
		Release|x64 = Release|x64
		Release|x86 = Release|x86
	EndGlobalSection
	GlobalSection(ProjectConfigurationPlatforms) = postSolution
		{2CE31C53-79B2-4C3D-80A0-256C524EB61C}.Debug|Any CPU.ActiveCfg = Debug|Any CPU
		{2CE31C53-79B2-4C3D-80A0-256C524EB61C}.Debug|Any CPU.Build.0 = Debug|Any CPU
		{2CE31C53-79B2-4C3D-80A0-256C524EB61C}.Debug|x64.ActiveCfg = Debug|x64
		{2CE31C53-79B2-4C3D-80A0-256C524EB61C}.Debug|x64.Build.0 = Debug|x64
		{2CE31C53-79B2-4C3D-80A0-256C524EB61C}.Debug|x86.ActiveCfg = Debug|x86
		{2CE31C53-79B2-4C3D-80A0-256C524EB61C}.Debug|x86.Build.0 = Debug|x86
		{2CE31C53-79B2-4C3D-80A0-256C524EB61C}.Release|Any CPU.ActiveCfg = Release|Any CPU
		{2CE31C53-79B2-4C3D-80A0-256C524EB61C}.Release|Any CPU.Build.0 = Release|Any CPU
		{2CE31C53-79B2-4C3D-80A0-256C524EB61C}.Release|x64.ActiveCfg = Release|x64
		{2CE31C53-79B2-4C3D-80A0-256C524EB61C}.Release|x64.Build.0 = Release|x64
		{2CE31C53-79B2-4C3D-80A0-256C524EB61C}.Release|x86.ActiveCfg = Release|x86
		{2CE31C53-79B2-4C3D-80A0-256C524EB61C}.Release|x86.Build.0 = Release|x86
		{196B8FD6-C260-419B-900C-ED2786C52099}.Debug|Any CPU.ActiveCfg = Debug|Any CPU
		{196B8FD6-C260-419B-900C-ED2786C52099}.Debug|Any CPU.Build.0 = Debug|Any CPU
		{196B8FD6-C260-419B-900C-ED2786C52099}.Debug|x64.ActiveCfg = Debug|x64
		{196B8FD6-C260-419B-900C-ED2786C52099}.Debug|x64.Build.0 = Debug|x64
		{196B8FD6-C260-419B-900C-ED2786C52099}.Debug|x86.ActiveCfg = Debug|x86
		{196B8FD6-C260-419B-900C-ED2786C52099}.Debug|x86.Build.0 = Debug|x86
		{196B8FD6-C260-419B-900C-ED2786C52099}.Release|Any CPU.ActiveCfg = Release|Any CPU
		{196B8FD6-C260-419B-900C-ED2786C52099}.Release|Any CPU.Build.0 = Release|Any CPU
		{196B8FD6-C260-419B-900C-ED2786C52099}.Release|x64.ActiveCfg = Release|x64
		{196B8FD6-C260-419B-900C-ED2786C52099}.Release|x64.Build.0 = Release|x64
		{196B8FD6-C260-419B-900C-ED2786C52099}.Release|x86.ActiveCfg = Release|x86
		{196B8FD6-C260-419B-900C-ED2786C52099}.Release|x86.Build.0 = Release|x86
		{8E0C29F3-557E-4379-9743-FC8996817043}.Debug|Any CPU.ActiveCfg = Debug|Any CPU
		{8E0C29F3-557E-4379-9743-FC8996817043}.Debug|Any CPU.Build.0 = Debug|Any CPU
		{8E0C29F3-557E-4379-9743-FC8996817043}.Debug|x64.ActiveCfg = Debug|x64
		{8E0C29F3-557E-4379-9743-FC8996817043}.Debug|x64.Build.0 = Debug|x64
		{8E0C29F3-557E-4379-9743-FC8996817043}.Debug|x86.ActiveCfg = Debug|x86
		{8E0C29F3-557E-4379-9743-FC8996817043}.Debug|x86.Build.0 = Debug|x86
		{8E0C29F3-557E-4379-9743-FC8996817043}.Release|Any CPU.ActiveCfg = Release|Any CPU
		{8E0C29F3-557E-4379-9743-FC8996817043}.Release|Any CPU.Build.0 = Release|Any CPU
		{8E0C29F3-557E-4379-9743-FC8996817043}.Release|x64.ActiveCfg = Release|x64
		{8E0C29F3-557E-4379-9743-FC8996817043}.Release|x64.Build.0 = Release|x64
		{8E0C29F3-557E-4379-9743-FC8996817043}.Release|x86.ActiveCfg = Release|x86
		{8E0C29F3-557E-4379-9743-FC8996817043}.Release|x86.Build.0 = Release|x86
		{B1DA40DC-EB87-430F-A1DA-D93A34224E77}.Debug|Any CPU.ActiveCfg = Debug|Any CPU
		{B1DA40DC-EB87-430F-A1DA-D93A34224E77}.Debug|Any CPU.Build.0 = Debug|Any CPU
		{B1DA40DC-EB87-430F-A1DA-D93A34224E77}.Debug|x64.ActiveCfg = Debug|x64
		{B1DA40DC-EB87-430F-A1DA-D93A34224E77}.Debug|x64.Build.0 = Debug|x64
		{B1DA40DC-EB87-430F-A1DA-D93A34224E77}.Debug|x86.ActiveCfg = Debug|x86
		{B1DA40DC-EB87-430F-A1DA-D93A34224E77}.Debug|x86.Build.0 = Debug|x86
		{B1DA40DC-EB87-430F-A1DA-D93A34224E77}.Release|Any CPU.ActiveCfg = Release|Any CPU
		{B1DA40DC-EB87-430F-A1DA-D93A34224E77}.Release|Any CPU.Build.0 = Release|Any CPU
		{B1DA40DC-EB87-430F-A1DA-D93A34224E77}.Release|x64.ActiveCfg = Release|x64
		{B1DA40DC-EB87-430F-A1DA-D93A34224E77}.Release|x64.Build.0 = Release|x64
		{B1DA40DC-EB87-430F-A1DA-D93A34224E77}.Release|x86.ActiveCfg = Release|x86
		{B1DA40DC-EB87-430F-A1DA-D93A34224E77}.Release|x86.Build.0 = Release|x86
	EndGlobalSection
	GlobalSection(SolutionProperties) = preSolution
		HideSolutionNode = FALSE
	EndGlobalSection
	GlobalSection(NestedProjects) = preSolution
		{196B8FD6-C260-419B-900C-ED2786C52099} = {44AF3A6A-67EB-41F8-B6E5-1DD7EFC2A762}
		{8E0C29F3-557E-4379-9743-FC8996817043} = {44AF3A6A-67EB-41F8-B6E5-1DD7EFC2A762}
		{B1DA40DC-EB87-430F-A1DA-D93A34224E77} = {44AF3A6A-67EB-41F8-B6E5-1DD7EFC2A762}
		{A43B5BC4-A03D-4BD8-92A0-CDA3A9143875} = {44AF3A6A-67EB-41F8-B6E5-1DD7EFC2A762}
	EndGlobalSection
	GlobalSection(ExtensibilityGlobals) = postSolution
		SolutionGuid = {A3104294-610E-4171-85AE-38EE62CFB7F0}
	EndGlobalSection
EndGlobal
